
Microsoft Visual Studio Solution File, Format Version 12.00
# Visual Studio Version 16
VisualStudioVersion = 16.0.30204.135
MinimumVisualStudioVersion = 10.0.40219.1
Project("{8BC9CEB8-8B4A-11D0-8D11-00A0C91BC942}") = "Alimov FA8.1", "Alimov FA8.1.vcxproj", "{9419F137-943C-4AF0-B565-AAE5CCE1E102}"
EndProject
Global
	GlobalSection(SolutionConfigurationPlatforms) = preSolution
		Debug|x64 = Debug|x64
		Debug|x86 = Debug|x86
		Release|x64 = Release|x64
		Release|x86 = Release|x86
	EndGlobalSection
	GlobalSection(ProjectConfigurationPlatforms) = postSolution
		{9419F137-943C-4AF0-B565-AAE5CCE1E102}.Debug|x64.ActiveCfg = Debug|x64
		{9419F137-943C-4AF0-B565-AAE5CCE1E102}.Debug|x64.Build.0 = Debug|x64
		{9419F137-943C-4AF0-B565-AAE5CCE1E102}.Debug|x86.ActiveCfg = Debug|Win32
		{9419F137-943C-4AF0-B565-AAE5CCE1E102}.Debug|x86.Build.0 = Debug|Win32
		{9419F137-943C-4AF0-B565-AAE5CCE1E102}.Release|x64.ActiveCfg = Release|x64
		{9419F137-943C-4AF0-B565-AAE5CCE1E102}.Release|x64.Build.0 = Release|x64
		{9419F137-943C-4AF0-B565-AAE5CCE1E102}.Release|x86.ActiveCfg = Release|Win32
		{9419F137-943C-4AF0-B565-AAE5CCE1E102}.Release|x86.Build.0 = Release|Win32
	EndGlobalSection
	GlobalSection(SolutionProperties) = preSolution
		HideSolutionNode = FALSE
	EndGlobalSection
	GlobalSection(ExtensibilityGlobals) = postSolution
		SolutionGuid = {C82B78B6-1375-4E34-BEBD-5CEC798F0463}
	EndGlobalSection
EndGlobal
