
Microsoft Visual Studio Solution File, Format Version 12.00
# Visual Studio Version 16
VisualStudioVersion = 16.0.30204.135
MinimumVisualStudioVersion = 10.0.40219.1
Project("{FAE04EC0-301F-11D3-BF4B-00C04F79EFBC}") = "Logger_class", "Logger_class.csproj", "{7153D7C1-756E-4376-B76A-035E26C5AAE7}"
EndProject
Global
	GlobalSection(SolutionConfigurationPlatforms) = preSolution
		Debug|Any CPU = Debug|Any CPU
		Release|Any CPU = Release|Any CPU
	EndGlobalSection
	GlobalSection(ProjectConfigurationPlatforms) = postSolution
		{7153D7C1-756E-4376-B76A-035E26C5AAE7}.Debug|Any CPU.ActiveCfg = Debug|Any CPU
		{7153D7C1-756E-4376-B76A-035E26C5AAE7}.Debug|Any CPU.Build.0 = Debug|Any CPU
		{7153D7C1-756E-4376-B76A-035E26C5AAE7}.Release|Any CPU.ActiveCfg = Release|Any CPU
		{7153D7C1-756E-4376-B76A-035E26C5AAE7}.Release|Any CPU.Build.0 = Release|Any CPU
	EndGlobalSection
	GlobalSection(SolutionProperties) = preSolution
		HideSolutionNode = FALSE
	EndGlobalSection
	GlobalSection(ExtensibilityGlobals) = postSolution
		SolutionGuid = {D93C7896-9044-492C-BE5F-DCAB87D3082A}
	EndGlobalSection
EndGlobal
